{
  "requires": true,
  "lockfileVersion": 1,
  "dependencies": {
    "@material/animation": {
      "version": "9.0.0",
      "resolved": "https://registry.npmjs.org/@material/animation/-/animation-9.0.0.tgz",
      "integrity": "sha512-ZsiCrIfn6uRjE+/W50PwxOIFSSMWo/sXgOAXvM/0C6KSEGAyKOBGcVmpMuD2IxJV+EGMwFJVQIwR1zZWues9yQ==",
      "requires": {
        "tslib": "^1.9.3"
      }
    },
    "@material/base": {
      "version": "9.0.0",
      "resolved": "https://registry.npmjs.org/@material/base/-/base-9.0.0.tgz",
      "integrity": "sha512-6Oalz/9iJCvivofmb3r5YHwAD1yy4mCHhdNwP2SugTf64qD1H6YUiavWM+OYZFETYT75UCnjMP2pEF9ynAg7VA==",
      "requires": {
        "tslib": "^1.9.3"
      }
    },
    "@material/button": {
      "version": "9.0.0",
      "resolved": "https://registry.npmjs.org/@material/button/-/button-9.0.0.tgz",
      "integrity": "sha512-8cvZJ6ljp9qqOmGHiQKn1fLjbhwG6r2793iEkvueu/eqdf2oD5NF1S45k29VygRfUS0cQ5Z2IV69GYKJv1ogMA==",
      "requires": {
        "@material/density": "^9.0.0",
        "@material/elevation": "^9.0.0",
        "@material/feature-targeting": "^9.0.0",
        "@material/ripple": "^9.0.0",
        "@material/rtl": "^9.0.0",
        "@material/shape": "^9.0.0",
        "@material/theme": "^9.0.0",
        "@material/touch-target": "^9.0.0",
        "@material/typography": "^9.0.0"
      }
    },
    "@material/density": {
      "version": "9.0.0",
      "resolved": "https://registry.npmjs.org/@material/density/-/density-9.0.0.tgz",
      "integrity": "sha512-HXQ0GKiIh4X08H7aEIPl6KOcHIUtpe0bqIxrj3VboTQf4C5wN4qkiLys3GaZsA3guvT/T1fCoQOyAGxOtJEh4w=="
    },
    "@material/dom": {
      "version": "9.0.0",
      "resolved": "https://registry.npmjs.org/@material/dom/-/dom-9.0.0.tgz",
      "integrity": "sha512-SOtGJqav0Gp0efFXl597AesZCuW8Ues1KUyR6fahVoEiP50mq2U3IhL4KdQqMXbQNyYYerl16BVR9n7bfi1a8A==",
      "requires": {
        "@material/feature-targeting": "^9.0.0",
        "tslib": "^1.9.3"
      }
    },
    "@material/elevation": {
      "version": "9.0.0",
      "resolved": "https://registry.npmjs.org/@material/elevation/-/elevation-9.0.0.tgz",
      "integrity": "sha512-UzpJybgat3tKYlTh8iLjoIO5+pR71mdzmUZQs4fHZ9YXl3A2IS+HyOAqI1tpfTwNfNJRif2GUl95ghJgMawSXw==",
      "requires": {
        "@material/animation": "^9.0.0",
        "@material/base": "^9.0.0",
        "@material/feature-targeting": "^9.0.0",
        "@material/theme": "^9.0.0"
      }
    },
    "@material/feature-targeting": {
      "version": "9.0.0",
      "resolved": "https://registry.npmjs.org/@material/feature-targeting/-/feature-targeting-9.0.0.tgz",
      "integrity": "sha512-SKkvI46TxxpTau9fsXJWAXTJXbu6ut5n6wdN5ZX1DHHLY2AR7abBAhDIvNhIcxH65FK8mo7Z63UfvDwy177ttQ=="
    },
    "@material/ripple": {
      "version": "9.0.0",
      "resolved": "https://registry.npmjs.org/@material/ripple/-/ripple-9.0.0.tgz",
      "integrity": "sha512-hc5oNvknfrv0KsL21dW0eRF85DfyANAI0H/+UmNmf850KwwYO/wbs5FshW+vNYuK9ro9OrC/pS4g6suG6Gh4Jg==",
      "requires": {
        "@material/animation": "^9.0.0",
        "@material/base": "^9.0.0",
        "@material/dom": "^9.0.0",
        "@material/feature-targeting": "^9.0.0",
        "@material/theme": "^9.0.0",
        "tslib": "^1.9.3"
      }
    },
    "@material/rtl": {
      "version": "9.0.0",
      "resolved": "https://registry.npmjs.org/@material/rtl/-/rtl-9.0.0.tgz",
      "integrity": "sha512-3Ey4UqEOhKlkmpUQqiXtQnWTgGpwjTPqmFqh7OEy/V5X/k5QqWAhz7LJRmzqDS69uyBibsdB3tFxAGAi1RrRbA==",
      "requires": {
        "@material/theme": "^9.0.0"
      }
    },
    "@material/shape": {
      "version": "9.0.0",
      "resolved": "https://registry.npmjs.org/@material/shape/-/shape-9.0.0.tgz",
      "integrity": "sha512-kcZIBnPk0IRy8LyEIGURXAmtDNQHyySmOjySmsCKQzgXnfUhyNsU2exylkCSfPgJT/AWaclaIIN6x+E5OplvPg==",
      "requires": {
        "@material/feature-targeting": "^9.0.0",
        "@material/rtl": "^9.0.0",
        "@material/theme": "^9.0.0"
      }
    },
    "@material/theme": {
      "version": "9.0.0",
      "resolved": "https://registry.npmjs.org/@material/theme/-/theme-9.0.0.tgz",
      "integrity": "sha512-3wpQ00Ho6lD3+aRXUkn1YGii7Hg5ukaOkGq5oLyp7bikS3FTbgX9V6pspRiFckR4CKCbGR5NayIuCt8JwbcFyw==",
      "requires": {
        "@material/feature-targeting": "^9.0.0"
      }
    },
    "@material/touch-target": {
      "version": "9.0.0",
      "resolved": "https://registry.npmjs.org/@material/touch-target/-/touch-target-9.0.0.tgz",
      "integrity": "sha512-pvxp7U3UAlmY+AgeG9IxMlQsAiTOgITREzy4Egumtf1Ale2AQAfgDFGMs2NB1Izn+9vIgko/gHnlWgqHxexwwA==",
      "requires": {
        "@material/base": "^9.0.0",
        "@material/feature-targeting": "^9.0.0"
      }
    },
    "@material/typography": {
      "version": "9.0.0",
      "resolved": "https://registry.npmjs.org/@material/typography/-/typography-9.0.0.tgz",
      "integrity": "sha512-+zyzGnV73d/RyG681L72hCnhd2fwwS9ErtEa3KESVJxVxKeuaaCpUJVDkOqg1C/e7tNX5n/GiU8KPwRPG2O9Jw==",
      "requires": {
        "@material/feature-targeting": "^9.0.0",
        "@material/theme": "^9.0.0"
      }
    },
    "tslib": {
      "version": "1.14.1",
      "resolved": "https://registry.npmjs.org/tslib/-/tslib-1.14.1.tgz",
      "integrity": "sha512-Xni35NKzjgMrwevysHTCArtLDpPvye8zV/0E4EyYn43P7/7qvQwPh9BGkHewbMulVntbigmcT7rdX3BNo9wRJg=="
    }
  }
}
